// !$*UTF8*$!
{
	archiveVersion = 1;
	classes = {
	};
	objectVersion = 56;
	objects = {

/* Begin PBXBuildFile section */
		4EB8B8AC2C6D675B006D8F7B /* AppDelegate.swift in Sources */ = {isa = PBXBuildFile; fileRef = 4EB8B8AB2C6D675B006D8F7B /* AppDelegate.swift */; };
		4EB8B8AE2C6D675B006D8F7B /* GameScene.sks in Resources */ = {isa = PBXBuildFile; fileRef = 4EB8B8AD2C6D675B006D8F7B /* GameScene.sks */; };
		4EB8B8B02C6D675B006D8F7B /* Actions.sks in Resources */ = {isa = PBXBuildFile; fileRef = 4EB8B8AF2C6D675B006D8F7B /* Actions.sks */; };
		4EB8B8B22C6D675B006D8F7B /* GameScene.swift in Sources */ = {isa = PBXBuildFile; fileRef = 4EB8B8B12C6D675B006D8F7B /* GameScene.swift */; };
		4EB8B8B42C6D675B006D8F7B /* GameViewController.swift in Sources */ = {isa = PBXBuildFile; fileRef = 4EB8B8B32C6D675B006D8F7B /* GameViewController.swift */; };
		4EB8B8B72C6D675B006D8F7B /* Main.storyboard in Resources */ = {isa = PBXBuildFile; fileRef = 4EB8B8B52C6D675B006D8F7B /* Main.storyboard */; };
		4EB8B8B92C6D675D006D8F7B /* Assets.xcassets in Resources */ = {isa = PBXBuildFile; fileRef = 4EB8B8B82C6D675D006D8F7B /* Assets.xcassets */; };
		4EB8B8BC2C6D675D006D8F7B /* LaunchScreen.storyboard in Resources */ = {isa = PBXBuildFile; fileRef = 4EB8B8BA2C6D675D006D8F7B /* LaunchScreen.storyboard */; };
		4EB8B8C62C6D675D006D8F7B /* offlineGameTests.swift in Sources */ = {isa = PBXBuildFile; fileRef = 4EB8B8C52C6D675D006D8F7B /* offlineGameTests.swift */; };
		4EB8B8D02C6D675D006D8F7B /* offlineGameUITests.swift in Sources */ = {isa = PBXBuildFile; fileRef = 4EB8B8CF2C6D675D006D8F7B /* offlineGameUITests.swift */; };
		4EB8B8D22C6D675D006D8F7B /* offlineGameUITestsLaunchTests.swift in Sources */ = {isa = PBXBuildFile; fileRef = 4EB8B8D12C6D675D006D8F7B /* offlineGameUITestsLaunchTests.swift */; };
/* End PBXBuildFile section */

/* Begin PBXContainerItemProxy section */
		4EB8B8C22C6D675D006D8F7B /* PBXContainerItemProxy */ = {
			isa = PBXContainerItemProxy;
			containerPortal = 4EB8B8A02C6D675B006D8F7B /* Project object */;
			proxyType = 1;
			remoteGlobalIDString = 4EB8B8A72C6D675B006D8F7B;
			remoteInfo = offlineGame;
		};
		4EB8B8CC2C6D675D006D8F7B /* PBXContainerItemProxy */ = {
			isa = PBXContainerItemProxy;
			containerPortal = 4EB8B8A02C6D675B006D8F7B /* Project object */;
			proxyType = 1;
			remoteGlobalIDString = 4EB8B8A72C6D675B006D8F7B;
			remoteInfo = offlineGame;
		};
/* End PBXContainerItemProxy section */

/* Begin PBXFileReference section */
		4EB8B8A82C6D675B006D8F7B /* offlineGame.app */ = {isa = PBXFileReference; explicitFileType = wrapper.application; includeInIndex = 0; path = offlineGame.app; sourceTree = BUILT_PRODUCTS_DIR; };
		4EB8B8AB2C6D675B006D8F7B /* AppDelegate.swift */ = {isa = PBXFileReference; lastKnownFileType = sourcecode.swift; path = AppDelegate.swift; sourceTree = "<group>"; };
		4EB8B8AD2C6D675B006D8F7B /* GameScene.sks */ = {isa = PBXFileReference; lastKnownFileType = file.sks; path = GameScene.sks; sourceTree = "<group>"; };
		4EB8B8AF2C6D675B006D8F7B /* Actions.sks */ = {isa = PBXFileReference; lastKnownFileType = file.sks; path = Actions.sks; sourceTree = "<group>"; };
		4EB8B8B12C6D675B006D8F7B /* GameScene.swift */ = {isa = PBXFileReference; lastKnownFileType = sourcecode.swift; path = GameScene.swift; sourceTree = "<group>"; };
		4EB8B8B32C6D675B006D8F7B /* GameViewController.swift */ = {isa = PBXFileReference; lastKnownFileType = sourcecode.swift; path = GameViewController.swift; sourceTree = "<group>"; };
		4EB8B8B62C6D675B006D8F7B /* Base */ = {isa = PBXFileReference; lastKnownFileType = file.storyboard; name = Base; path = Base.lproj/Main.storyboard; sourceTree = "<group>"; };
		4EB8B8B82C6D675D006D8F7B /* Assets.xcassets */ = {isa = PBXFileReference; lastKnownFileType = folder.assetcatalog; path = Assets.xcassets; sourceTree = "<group>"; };
		4EB8B8BB2C6D675D006D8F7B /* Base */ = {isa = PBXFileReference; lastKnownFileType = file.storyboard; name = Base; path = Base.lproj/LaunchScreen.storyboard; sourceTree = "<group>"; };
		4EB8B8C12C6D675D006D8F7B /* offlineGameTests.xctest */ = {isa = PBXFileReference; explicitFileType = wrapper.cfbundle; includeInIndex = 0; path = offlineGameTests.xctest; sourceTree = BUILT_PRODUCTS_DIR; };
		4EB8B8C52C6D675D006D8F7B /* offlineGameTests.swift */ = {isa = PBXFileReference; lastKnownFileType = sourcecode.swift; path = offlineGameTests.swift; sourceTree = "<group>"; };
		4EB8B8CB2C6D675D006D8F7B /* offlineGameUITests.xctest */ = {isa = PBXFileReference; explicitFileType = wrapper.cfbundle; includeInIndex = 0; path = offlineGameUITests.xctest; sourceTree = BUILT_PRODUCTS_DIR; };
		4EB8B8CF2C6D675D006D8F7B /* offlineGameUITests.swift */ = {isa = PBXFileReference; lastKnownFileType = sourcecode.swift; path = offlineGameUITests.swift; sourceTree = "<group>"; };
		4EB8B8D12C6D675D006D8F7B /* offlineGameUITestsLaunchTests.swift */ = {isa = PBXFileReference; lastKnownFileType = sourcecode.swift; path = offlineGameUITestsLaunchTests.swift; sourceTree = "<group>"; };
/* End PBXFileReference section */

/* Begin PBXFrameworksBuildPhase section */
		4EB8B8A52C6D675B006D8F7B /* Frameworks */ = {
			isa = PBXFrameworksBuildPhase;
			buildActionMask = 2147483647;
			files = (
			);
			runOnlyForDeploymentPostprocessing = 0;
		};
		4EB8B8BE2C6D675D006D8F7B /* Frameworks */ = {
			isa = PBXFrameworksBuildPhase;
			buildActionMask = 2147483647;
			files = (
			);
			runOnlyForDeploymentPostprocessing = 0;
		};
		4EB8B8C82C6D675D006D8F7B /* Frameworks */ = {
			isa = PBXFrameworksBuildPhase;
			buildActionMask = 2147483647;
			files = (
			);
			runOnlyForDeploymentPostprocessing = 0;
		};
/* End PBXFrameworksBuildPhase section */

/* Begin PBXGroup section */
		4EB8B89F2C6D675B006D8F7B = {
			isa = PBXGroup;
			children = (
				4EB8B8AA2C6D675B006D8F7B /* offlineGame */,
				4EB8B8C42C6D675D006D8F7B /* offlineGameTests */,
				4EB8B8CE2C6D675D006D8F7B /* offlineGameUITests */,
				4EB8B8A92C6D675B006D8F7B /* Products */,
			);
			sourceTree = "<group>";
		};
		4EB8B8A92C6D675B006D8F7B /* Products */ = {
			isa = PBXGroup;
			children = (
				4EB8B8A82C6D675B006D8F7B /* offlineGame.app */,
				4EB8B8C12C6D675D006D8F7B /* offlineGameTests.xctest */,
				4EB8B8CB2C6D675D006D8F7B /* offlineGameUITests.xctest */,
			);
			name = Products;
			sourceTree = "<group>";
		};
		4EB8B8AA2C6D675B006D8F7B /* offlineGame */ = {
			isa = PBXGroup;
			children = (
				4EB8B8AB2C6D675B006D8F7B /* AppDelegate.swift */,
				4EB8B8AD2C6D675B006D8F7B /* GameScene.sks */,
				4EB8B8AF2C6D675B006D8F7B /* Actions.sks */,
				4EB8B8B12C6D675B006D8F7B /* GameScene.swift */,
				4EB8B8B32C6D675B006D8F7B /* GameViewController.swift */,
				4EB8B8B52C6D675B006D8F7B /* Main.storyboard */,
				4EB8B8B82C6D675D006D8F7B /* Assets.xcassets */,
				4EB8B8BA2C6D675D006D8F7B /* LaunchScreen.storyboard */,
			);
			path = offlineGame;
			sourceTree = "<group>";
		};
		4EB8B8C42C6D675D006D8F7B /* offlineGameTests */ = {
			isa = PBXGroup;
			children = (
				4EB8B8C52C6D675D006D8F7B /* offlineGameTests.swift */,
			);
			path = offlineGameTests;
			sourceTree = "<group>";
		};
		4EB8B8CE2C6D675D006D8F7B /* offlineGameUITests */ = {
			isa = PBXGroup;
			children = (
				4EB8B8CF2C6D675D006D8F7B /* offlineGameUITests.swift */,
				4EB8B8D12C6D675D006D8F7B /* offlineGameUITestsLaunchTests.swift */,
			);
			path = offlineGameUITests;
			sourceTree = "<group>";
		};
/* End PBXGroup section */

/* Begin PBXNativeTarget section */
		4EB8B8A72C6D675B006D8F7B /* offlineGame */ = {
			isa = PBXNativeTarget;
			buildConfigurationList = 4EB8B8D52C6D675D006D8F7B /* Build configuration list for PBXNativeTarget "offlineGame" */;
			buildPhases = (
				4EB8B8A42C6D675B006D8F7B /* Sources */,
				4EB8B8A52C6D675B006D8F7B /* Frameworks */,
				4EB8B8A62C6D675B006D8F7B /* Resources */,
			);
			buildRules = (
			);
			dependencies = (
			);
			name = offlineGame;
			productName = offlineGame;
			productReference = 4EB8B8A82C6D675B006D8F7B /* offlineGame.app */;
			productType = "com.apple.product-type.application";
		};
		4EB8B8C02C6D675D006D8F7B /* offlineGameTests */ = {
			isa = PBXNativeTarget;
			buildConfigurationList = 4EB8B8D82C6D675D006D8F7B /* Build configuration list for PBXNativeTarget "offlineGameTests" */;
			buildPhases = (
				4EB8B8BD2C6D675D006D8F7B /* Sources */,
				4EB8B8BE2C6D675D006D8F7B /* Frameworks */,
				4EB8B8BF2C6D675D006D8F7B /* Resources */,
			);
			buildRules = (
			);
			dependencies = (
				4EB8B8C32C6D675D006D8F7B /* PBXTargetDependency */,
			);
			name = offlineGameTests;
			productName = offlineGameTests;
			productReference = 4EB8B8C12C6D675D006D8F7B /* offlineGameTests.xctest */;
			productType = "com.apple.product-type.bundle.unit-test";
		};
		4EB8B8CA2C6D675D006D8F7B /* offlineGameUITests */ = {
			isa = PBXNativeTarget;
			buildConfigurationList = 4EB8B8DB2C6D675D006D8F7B /* Build configuration list for PBXNativeTarget "offlineGameUITests" */;
			buildPhases = (
				4EB8B8C72C6D675D006D8F7B /* Sources */,
				4EB8B8C82C6D675D006D8F7B /* Frameworks */,
				4EB8B8C92C6D675D006D8F7B /* Resources */,
			);
			buildRules = (
			);
			dependencies = (
				4EB8B8CD2C6D675D006D8F7B /* PBXTargetDependency */,
			);
			name = offlineGameUITests;
			productName = offlineGameUITests;
			productReference = 4EB8B8CB2C6D675D006D8F7B /* offlineGameUITests.xctest */;
			productType = "com.apple.product-type.bundle.ui-testing";
		};
/* End PBXNativeTarget section */

/* Begin PBXProject section */
		4EB8B8A02C6D675B006D8F7B /* Project object */ = {
			isa = PBXProject;
			attributes = {
				BuildIndependentTargetsInParallel = 1;
				LastSwiftUpdateCheck = 1520;
				LastUpgradeCheck = 1520;
				TargetAttributes = {
					4EB8B8A72C6D675B006D8F7B = {
						CreatedOnToolsVersion = 15.2;
					};
					4EB8B8C02C6D675D006D8F7B = {
						CreatedOnToolsVersion = 15.2;
						TestTargetID = 4EB8B8A72C6D675B006D8F7B;
					};
					4EB8B8CA2C6D675D006D8F7B = {
						CreatedOnToolsVersion = 15.2;
						TestTargetID = 4EB8B8A72C6D675B006D8F7B;
					};
				};
			};
			buildConfigurationList = 4EB8B8A32C6D675B006D8F7B /* Build configuration list for PBXProject "offlineGame" */;
			compatibilityVersion = "Xcode 14.0";
			developmentRegion = en;
			hasScannedForEncodings = 0;
			knownRegions = (
				en,
				Base,
			);
			mainGroup = 4EB8B89F2C6D675B006D8F7B;
			productRefGroup = 4EB8B8A92C6D675B006D8F7B /* Products */;
			projectDirPath = "";
			projectRoot = "";
			targets = (
				4EB8B8A72C6D675B006D8F7B /* offlineGame */,
				4EB8B8C02C6D675D006D8F7B /* offlineGameTests */,
				4EB8B8CA2C6D675D006D8F7B /* offlineGameUITests */,
			);
		};
/* End PBXProject section */

/* Begin PBXResourcesBuildPhase section */
		4EB8B8A62C6D675B006D8F7B /* Resources */ = {
			isa = PBXResourcesBuildPhase;
			buildActionMask = 2147483647;
			files = (
				4EB8B8B72C6D675B006D8F7B /* Main.storyboard in Resources */,
				4EB8B8AE2C6D675B006D8F7B /* GameScene.sks in Resources */,
				4EB8B8B92C6D675D006D8F7B /* Assets.xcassets in Resources */,
				4EB8B8BC2C6D675D006D8F7B /* LaunchScreen.storyboard in Resources */,
				4EB8B8B02C6D675B006D8F7B /* Actions.sks in Resources */,
			);
			runOnlyForDeploymentPostprocessing = 0;
		};
		4EB8B8BF2C6D675D006D8F7B /* Resources */ = {
			isa = PBXResourcesBuildPhase;
			buildActionMask = 2147483647;
			files = (
			);
			runOnlyForDeploymentPostprocessing = 0;
		};
		4EB8B8C92C6D675D006D8F7B /* Resources */ = {
			isa = PBXResourcesBuildPhase;
			buildActionMask = 2147483647;
			files = (
			);
			runOnlyForDeploymentPostprocessing = 0;
		};
/* End PBXResourcesBuildPhase section */

/* Begin PBXSourcesBuildPhase section */
		4EB8B8A42C6D675B006D8F7B /* Sources */ = {
			isa = PBXSourcesBuildPhase;
			buildActionMask = 2147483647;
			files = (
				4EB8B8B22C6D675B006D8F7B /* GameScene.swift in Sources */,
				4EB8B8B42C6D675B006D8F7B /* GameViewController.swift in Sources */,
				4EB8B8AC2C6D675B006D8F7B /* AppDelegate.swift in Sources */,
			);
			runOnlyForDeploymentPostprocessing = 0;
		};
		4EB8B8BD2C6D675D006D8F7B /* Sources */ = {
			isa = PBXSourcesBuildPhase;
			buildActionMask = 2147483647;
			files = (
				4EB8B8C62C6D675D006D8F7B /* offlineGameTests.swift in Sources */,
			);
			runOnlyForDeploymentPostprocessing = 0;
		};
		4EB8B8C72C6D675D006D8F7B /* Sources */ = {
			isa = PBXSourcesBuildPhase;
			buildActionMask = 2147483647;
			files = (
				4EB8B8D22C6D675D006D8F7B /* offlineGameUITestsLaunchTests.swift in Sources */,
				4EB8B8D02C6D675D006D8F7B /* offlineGameUITests.swift in Sources */,
			);
			runOnlyForDeploymentPostprocessing = 0;
		};
/* End PBXSourcesBuildPhase section */

/* Begin PBXTargetDependency section */
		4EB8B8C32C6D675D006D8F7B /* PBXTargetDependency */ = {
			isa = PBXTargetDependency;
			target = 4EB8B8A72C6D675B006D8F7B /* offlineGame */;
			targetProxy = 4EB8B8C22C6D675D006D8F7B /* PBXContainerItemProxy */;
		};
		4EB8B8CD2C6D675D006D8F7B /* PBXTargetDependency */ = {
			isa = PBXTargetDependency;
			target = 4EB8B8A72C6D675B006D8F7B /* offlineGame */;
			targetProxy = 4EB8B8CC2C6D675D006D8F7B /* PBXContainerItemProxy */;
		};
/* End PBXTargetDependency section */

/* Begin PBXVariantGroup section */
		4EB8B8B52C6D675B006D8F7B /* Main.storyboard */ = {
			isa = PBXVariantGroup;
			children = (
				4EB8B8B62C6D675B006D8F7B /* Base */,
			);
			name = Main.storyboard;
			sourceTree = "<group>";
		};
		4EB8B8BA2C6D675D006D8F7B /* LaunchScreen.storyboard */ = {
			isa = PBXVariantGroup;
			children = (
				4EB8B8BB2C6D675D006D8F7B /* Base */,
			);
			name = LaunchScreen.storyboard;
			sourceTree = "<group>";
		};
/* End PBXVariantGroup section */

/* Begin XCBuildConfiguration section */
		4EB8B8D32C6D675D006D8F7B /* Debug */ = {
			isa = XCBuildConfiguration;
			buildSettings = {
				ALWAYS_SEARCH_USER_PATHS = NO;
				ASSETCATALOG_COMPILER_GENERATE_SWIFT_ASSET_SYMBOL_EXTENSIONS = YES;
				CLANG_ANALYZER_NONNULL = YES;
				CLANG_ANALYZER_NUMBER_OBJECT_CONVERSION = YES_AGGRESSIVE;
				CLANG_CXX_LANGUAGE_STANDARD = "gnu++20";
				CLANG_ENABLE_MODULES = YES;
				CLANG_ENABLE_OBJC_ARC = YES;
				CLANG_ENABLE_OBJC_WEAK = YES;
				CLANG_WARN_BLOCK_CAPTURE_AUTORELEASING = YES;
				CLANG_WARN_BOOL_CONVERSION = YES;
				CLANG_WARN_COMMA = YES;
				CLANG_WARN_CONSTANT_CONVERSION = YES;
				CLANG_WARN_DEPRECATED_OBJC_IMPLEMENTATIONS = YES;
				CLANG_WARN_DIRECT_OBJC_ISA_USAGE = YES_ERROR;
				CLANG_WARN_DOCUMENTATION_COMMENTS = YES;
				CLANG_WARN_EMPTY_BODY = YES;
				CLANG_WARN_ENUM_CONVERSION = YES;
				CLANG_WARN_INFINITE_RECURSION = YES;
				CLANG_WARN_INT_CONVERSION = YES;
				CLANG_WARN_NON_LITERAL_NULL_CONVERSION = YES;
				CLANG_WARN_OBJC_IMPLICIT_RETAIN_SELF = YES;
				CLANG_WARN_OBJC_LITERAL_CONVERSION = YES;
				CLANG_WARN_OBJC_ROOT_CLASS = YES_ERROR;
				CLANG_WARN_QUOTED_INCLUDE_IN_FRAMEWORK_HEADER = YES;
				CLANG_WARN_RANGE_LOOP_ANALYSIS = YES;
				CLANG_WARN_STRICT_PROTOTYPES = YES;
				CLANG_WARN_SUSPICIOUS_MOVE = YES;
				CLANG_WARN_UNGUARDED_AVAILABILITY = YES_AGGRESSIVE;
				CLANG_WARN_UNREACHABLE_CODE = YES;
				CLANG_WARN__DUPLICATE_METHOD_MATCH = YES;
				COPY_PHASE_STRIP = NO;
				DEBUG_INFORMATION_FORMAT = dwarf;
				ENABLE_STRICT_OBJC_MSGSEND = YES;
				ENABLE_TESTABILITY = YES;
				ENABLE_USER_SCRIPT_SANDBOXING = YES;
				GCC_C_LANGUAGE_STANDARD = gnu17;
				GCC_DYNAMIC_NO_PIC = NO;
				GCC_NO_COMMON_BLOCKS = YES;
				GCC_OPTIMIZATION_LEVEL = 0;
				GCC_PREPROCESSOR_DEFINITIONS = (
					"DEBUG=1",
					"$(inherited)",
				);
				GCC_WARN_64_TO_32_BIT_CONVERSION = YES;
				GCC_WARN_ABOUT_RETURN_TYPE = YES_ERROR;
				GCC_WARN_UNDECLARED_SELECTOR = YES;
				GCC_WARN_UNINITIALIZED_AUTOS = YES_AGGRESSIVE;
				GCC_WARN_UNUSED_FUNCTION = YES;
				GCC_WARN_UNUSED_VARIABLE = YES;
				IPHONEOS_DEPLOYMENT_TARGET = 17.2;
				LOCALIZATION_PREFERS_STRING_CATALOGS = YES;
				MTL_ENABLE_DEBUG_INFO = INCLUDE_SOURCE;
				MTL_FAST_MATH = YES;
				ONLY_ACTIVE_ARCH = YES;
				SDKROOT = iphoneos;
				SWIFT_ACTIVE_COMPILATION_CONDITIONS = "DEBUG $(inherited)";
				SWIFT_OPTIMIZATION_LEVEL = "-Onone";
			};
			name = Debug;
		};
		4EB8B8D42C6D675D006D8F7B /* Release */ = {
			isa = XCBuildConfiguration;
			buildSettings = {
				ALWAYS_SEARCH_USER_PATHS = NO;
				ASSETCATALOG_COMPILER_GENERATE_SWIFT_ASSET_SYMBOL_EXTENSIONS = YES;
				CLANG_ANALYZER_NONNULL = YES;
				CLANG_ANALYZER_NUMBER_OBJECT_CONVERSION = YES_AGGRESSIVE;
				CLANG_CXX_LANGUAGE_STANDARD = "gnu++20";
				CLANG_ENABLE_MODULES = YES;
				CLANG_ENABLE_OBJC_ARC = YES;
				CLANG_ENABLE_OBJC_WEAK = YES;
				CLANG_WARN_BLOCK_CAPTURE_AUTORELEASING = YES;
				CLANG_WARN_BOOL_CONVERSION = YES;
				CLANG_WARN_COMMA = YES;
				CLANG_WARN_CONSTANT_CONVERSION = YES;
				CLANG_WARN_DEPRECATED_OBJC_IMPLEMENTATIONS = YES;
				CLANG_WARN_DIRECT_OBJC_ISA_USAGE = YES_ERROR;
				CLANG_WARN_DOCUMENTATION_COMMENTS = YES;
				CLANG_WARN_EMPTY_BODY = YES;
				CLANG_WARN_ENUM_CONVERSION = YES;
				CLANG_WARN_INFINITE_RECURSION = YES;
				CLANG_WARN_INT_CONVERSION = YES;
				CLANG_WARN_NON_LITERAL_NULL_CONVERSION = YES;
				CLANG_WARN_OBJC_IMPLICIT_RETAIN_SELF = YES;
				CLANG_WARN_OBJC_LITERAL_CONVERSION = YES;
				CLANG_WARN_OBJC_ROOT_CLASS = YES_ERROR;
				CLANG_WARN_QUOTED_INCLUDE_IN_FRAMEWORK_HEADER = YES;
				CLANG_WARN_RANGE_LOOP_ANALYSIS = YES;
				CLANG_WARN_STRICT_PROTOTYPES = YES;
				CLANG_WARN_SUSPICIOUS_MOVE = YES;
				CLANG_WARN_UNGUARDED_AVAILABILITY = YES_AGGRESSIVE;
				CLANG_WARN_UNREACHABLE_CODE = YES;
				CLANG_WARN__DUPLICATE_METHOD_MATCH = YES;
				COPY_PHASE_STRIP = NO;
				DEBUG_INFORMATION_FORMAT = "dwarf-with-dsym";
				ENABLE_NS_ASSERTIONS = NO;
				ENABLE_STRICT_OBJC_MSGSEND = YES;
				ENABLE_USER_SCRIPT_SANDBOXING = YES;
				GCC_C_LANGUAGE_STANDARD = gnu17;
				GCC_NO_COMMON_BLOCKS = YES;
				GCC_WARN_64_TO_32_BIT_CONVERSION = YES;
				GCC_WARN_ABOUT_RETURN_TYPE = YES_ERROR;
				GCC_WARN_UNDECLARED_SELECTOR = YES;
				GCC_WARN_UNINITIALIZED_AUTOS = YES_AGGRESSIVE;
				GCC_WARN_UNUSED_FUNCTION = YES;
				GCC_WARN_UNUSED_VARIABLE = YES;
				IPHONEOS_DEPLOYMENT_TARGET = 17.2;
				LOCALIZATION_PREFERS_STRING_CATALOGS = YES;
				MTL_ENABLE_DEBUG_INFO = NO;
				MTL_FAST_MATH = YES;
				SDKROOT = iphoneos;
				SWIFT_COMPILATION_MODE = wholemodule;
				VALIDATE_PRODUCT = YES;
			};
			name = Release;
		};
		4EB8B8D62C6D675D006D8F7B /* Debug */ = {
			isa = XCBuildConfiguration;
			buildSettings = {
				ASSETCATALOG_COMPILER_APPICON_NAME = AppIcon;
				ASSETCATALOG_COMPILER_GLOBAL_ACCENT_COLOR_NAME = AccentColor;
				CODE_SIGN_STYLE = Automatic;
				CURRENT_PROJECT_VERSION = 1;
				DEVELOPMENT_TEAM = WX5K9JBL36;
				GENERATE_INFOPLIST_FILE = YES;
				INFOPLIST_KEY_UIApplicationSupportsIndirectInputEvents = YES;
				INFOPLIST_KEY_UILaunchStoryboardName = LaunchScreen;
				INFOPLIST_KEY_UIMainStoryboardFile = Main;
				INFOPLIST_KEY_UIStatusBarHidden = YES;
				INFOPLIST_KEY_UISupportedInterfaceOrientations_iPad = "UIInterfaceOrientationPortrait UIInterfaceOrientationPortraitUpsideDown UIInterfaceOrientationLandscapeLeft UIInterfaceOrientationLandscapeRight";
				INFOPLIST_KEY_UISupportedInterfaceOrientations_iPhone = "UIInterfaceOrientationPortrait UIInterfaceOrientationLandscapeLeft UIInterfaceOrientationLandscapeRight";
				LD_RUNPATH_SEARCH_PATHS = (
					"$(inherited)",
					"@executable_path/Frameworks",
				);
				MARKETING_VERSION = 1.0;
				PRODUCT_BUNDLE_IDENTIFIER = com.project.webGame.offlineGame;
				PRODUCT_NAME = "$(TARGET_NAME)";
				SWIFT_EMIT_LOC_STRINGS = YES;
				SWIFT_VERSION = 5.0;
				TARGETED_DEVICE_FAMILY = "1,2";
			};
			name = Debug;
		};
		4EB8B8D72C6D675D006D8F7B /* Release */ = {
			isa = XCBuildConfiguration;
			buildSettings = {
				ASSETCATALOG_COMPILER_APPICON_NAME = AppIcon;
				ASSETCATALOG_COMPILER_GLOBAL_ACCENT_COLOR_NAME = AccentColor;
				CODE_SIGN_STYLE = Automatic;
				CURRENT_PROJECT_VERSION = 1;
				DEVELOPMENT_TEAM = WX5K9JBL36;
				GENERATE_INFOPLIST_FILE = YES;
				INFOPLIST_KEY_UIApplicationSupportsIndirectInputEvents = YES;
				INFOPLIST_KEY_UILaunchStoryboardName = LaunchScreen;
				INFOPLIST_KEY_UIMainStoryboardFile = Main;
				INFOPLIST_KEY_UIStatusBarHidden = YES;
				INFOPLIST_KEY_UISupportedInterfaceOrientations_iPad = "UIInterfaceOrientationPortrait UIInterfaceOrientationPortraitUpsideDown UIInterfaceOrientationLandscapeLeft UIInterfaceOrientationLandscapeRight";
				INFOPLIST_KEY_UISupportedInterfaceOrientations_iPhone = "UIInterfaceOrientationPortrait UIInterfaceOrientationLandscapeLeft UIInterfaceOrientationLandscapeRight";
				LD_RUNPATH_SEARCH_PATHS = (
					"$(inherited)",
					"@executable_path/Frameworks",
				);
				MARKETING_VERSION = 1.0;
				PRODUCT_BUNDLE_IDENTIFIER = com.project.webGame.offlineGame;
				PRODUCT_NAME = "$(TARGET_NAME)";
				SWIFT_EMIT_LOC_STRINGS = YES;
				SWIFT_VERSION = 5.0;
				TARGETED_DEVICE_FAMILY = "1,2";
			};
			name = Release;
		};
		4EB8B8D92C6D675D006D8F7B /* Debug */ = {
			isa = XCBuildConfiguration;
			buildSettings = {
				ALWAYS_EMBED_SWIFT_STANDARD_LIBRARIES = YES;
				BUNDLE_LOADER = "$(TEST_HOST)";
				CODE_SIGN_STYLE = Automatic;
				CURRENT_PROJECT_VERSION = 1;
				DEVELOPMENT_TEAM = WX5K9JBL36;
				GENERATE_INFOPLIST_FILE = YES;
				IPHONEOS_DEPLOYMENT_TARGET = 17.2;
				MARKETING_VERSION = 1.0;
				PRODUCT_BUNDLE_IDENTIFIER = com.project.webGame.offlineGameTests;
				PRODUCT_NAME = "$(TARGET_NAME)";
				SWIFT_EMIT_LOC_STRINGS = NO;
				SWIFT_VERSION = 5.0;
				TARGETED_DEVICE_FAMILY = "1,2";
				TEST_HOST = "$(BUILT_PRODUCTS_DIR)/offlineGame.app/$(BUNDLE_EXECUTABLE_FOLDER_PATH)/offlineGame";
			};
			name = Debug;
		};
		4EB8B8DA2C6D675D006D8F7B /* Release */ = {
			isa = XCBuildConfiguration;
			buildSettings = {
				ALWAYS_EMBED_SWIFT_STANDARD_LIBRARIES = YES;
				BUNDLE_LOADER = "$(TEST_HOST)";
				CODE_SIGN_STYLE = Automatic;
				CURRENT_PROJECT_VERSION = 1;
				DEVELOPMENT_TEAM = WX5K9JBL36;
				GENERATE_INFOPLIST_FILE = YES;
				IPHONEOS_DEPLOYMENT_TARGET = 17.2;
				MARKETING_VERSION = 1.0;
				PRODUCT_BUNDLE_IDENTIFIER = com.project.webGame.offlineGameTests;
				PRODUCT_NAME = "$(TARGET_NAME)";
				SWIFT_EMIT_LOC_STRINGS = NO;
				SWIFT_VERSION = 5.0;
				TARGETED_DEVICE_FAMILY = "1,2";
				TEST_HOST = "$(BUILT_PRODUCTS_DIR)/offlineGame.app/$(BUNDLE_EXECUTABLE_FOLDER_PATH)/offlineGame";
			};
			name = Release;
		};
		4EB8B8DC2C6D675D006D8F7B /* Debug */ = {
			isa = XCBuildConfiguration;
			buildSettings = {
				ALWAYS_EMBED_SWIFT_STANDARD_LIBRARIES = YES;
				CODE_SIGN_STYLE = Automatic;
				CURRENT_PROJECT_VERSION = 1;
				DEVELOPMENT_TEAM = WX5K9JBL36;
				GENERATE_INFOPLIST_FILE = YES;
				MARKETING_VERSION = 1.0;
				PRODUCT_BUNDLE_IDENTIFIER = com.project.webGame.offlineGameUITests;
				PRODUCT_NAME = "$(TARGET_NAME)";
				SWIFT_EMIT_LOC_STRINGS = NO;
				SWIFT_VERSION = 5.0;
				TARGETED_DEVICE_FAMILY = "1,2";
				TEST_TARGET_NAME = offlineGame;
			};
			name = Debug;
		};
		4EB8B8DD2C6D675D006D8F7B /* Release */ = {
			isa = XCBuildConfiguration;
			buildSettings = {
				ALWAYS_EMBED_SWIFT_STANDARD_LIBRARIES = YES;
				CODE_SIGN_STYLE = Automatic;
				CURRENT_PROJECT_VERSION = 1;
				DEVELOPMENT_TEAM = WX5K9JBL36;
				GENERATE_INFOPLIST_FILE = YES;
				MARKETING_VERSION = 1.0;
				PRODUCT_BUNDLE_IDENTIFIER = com.project.webGame.offlineGameUITests;
				PRODUCT_NAME = "$(TARGET_NAME)";
				SWIFT_EMIT_LOC_STRINGS = NO;
				SWIFT_VERSION = 5.0;
				TARGETED_DEVICE_FAMILY = "1,2";
				TEST_TARGET_NAME = offlineGame;
			};
			name = Release;
		};
/* End XCBuildConfiguration section */

/* Begin XCConfigurationList section */
		4EB8B8A32C6D675B006D8F7B /* Build configuration list for PBXProject "offlineGame" */ = {
			isa = XCConfigurationList;
			buildConfigurations = (
				4EB8B8D32C6D675D006D8F7B /* Debug */,
				4EB8B8D42C6D675D006D8F7B /* Release */,
			);
			defaultConfigurationIsVisible = 0;
			defaultConfigurationName = Release;
		};
		4EB8B8D52C6D675D006D8F7B /* Build configuration list for PBXNativeTarget "offlineGame" */ = {
			isa = XCConfigurationList;
			buildConfigurations = (
				4EB8B8D62C6D675D006D8F7B /* Debug */,
				4EB8B8D72C6D675D006D8F7B /* Release */,
			);
			defaultConfigurationIsVisible = 0;
			defaultConfigurationName = Release;
		};
		4EB8B8D82C6D675D006D8F7B /* Build configuration list for PBXNativeTarget "offlineGameTests" */ = {
			isa = XCConfigurationList;
			buildConfigurations = (
				4EB8B8D92C6D675D006D8F7B /* Debug */,
				4EB8B8DA2C6D675D006D8F7B /* Release */,
			);
			defaultConfigurationIsVisible = 0;
			defaultConfigurationName = Release;
		};
		4EB8B8DB2C6D675D006D8F7B /* Build configuration list for PBXNativeTarget "offlineGameUITests" */ = {
			isa = XCConfigurationList;
			buildConfigurations = (
				4EB8B8DC2C6D675D006D8F7B /* Debug */,
				4EB8B8DD2C6D675D006D8F7B /* Release */,
			);
			defaultConfigurationIsVisible = 0;
			defaultConfigurationName = Release;
		};
/* End XCConfigurationList section */
	};
	rootObject = 4EB8B8A02C6D675B006D8F7B /* Project object */;
}
